{
    "_readme": [
        "This file locks the dependencies of your project to a known state",
        "Read more about it at https://getcomposer.org/doc/01-basic-usage.md#installing-dependencies",
        "This file is @generated automatically"
    ],
    "content-hash": "0c01a4630dab709eb7b2c3210ef04bad",
    "packages": [
        {
            "name": "getkirby/composer-installer",
            "version": "1.2.1",
            "source": {
                "type": "git",
                "url": "https://github.com/getkirby/composer-installer.git",
                "reference": "c98ece30bfba45be7ce457e1102d1b169d922f3d"
            },
            "dist": {
                "type": "zip",
                "url": "https://api.github.com/repos/getkirby/composer-installer/zipball/c98ece30bfba45be7ce457e1102d1b169d922f3d",
                "reference": "c98ece30bfba45be7ce457e1102d1b169d922f3d",
                "shasum": ""
            },
            "require": {
                "composer-plugin-api": "^1.0 || ^2.0"
            },
            "require-dev": {
                "composer/composer": "^1.8 || ^2.0"
            },
            "type": "composer-plugin",
            "extra": {
                "class": "Kirby\\ComposerInstaller\\Plugin"
            },
            "autoload": {
                "psr-4": {
                    "Kirby\\": "src/"
                }
            },
            "notification-url": "https://packagist.org/downloads/",
            "license": [
                "MIT"
            ],
            "description": "Kirby's custom Composer installer for the Kirby CMS and for Kirby plugins",
            "homepage": "https://getkirby.com",
            "support": {
                "issues": "https://github.com/getkirby/composer-installer/issues",
                "source": "https://github.com/getkirby/composer-installer/tree/1.2.1"
            },
            "funding": [
                {
                    "url": "https://getkirby.com/buy",
                    "type": "custom"
                }
            ],
            "time": "2020-12-28T12:54:39+00:00"
        },
        {
            "name": "uikit/uikit",
            "version": "v3.23.2",
            "source": {
                "type": "git",
                "url": "https://github.com/uikit/uikit.git",
                "reference": "aa187081c97e18e9fb58bb5b4cf07fe7a536daed"
            },
            "dist": {
                "type": "zip",
                "url": "https://api.github.com/repos/uikit/uikit/zipball/aa187081c97e18e9fb58bb5b4cf07fe7a536daed",
                "reference": "aa187081c97e18e9fb58bb5b4cf07fe7a536daed",
                "shasum": ""
            },
            "type": "library",
            "extra": {
                "branch-alias": {
                    "dev-main": "3.0.x-dev"
                }
            },
            "notification-url": "https://packagist.org/downloads/",
            "license": [
                "MIT"
            ],
            "description": "UIkit is a lightweight and modular front-end framework for developing fast and powerful web interfaces.",
            "homepage": "https://getuikit.com/",
            "support": {
                "issues": "https://github.com/uikit/uikit/issues",
                "source": "https://github.com/uikit/uikit/tree/v3.23.2"
            },
            "funding": [
                {
                    "url": "https://github.com/uikit",
                    "type": "github"
                }
            ],
            "time": "2025-03-04T15:28:50+00:00"
        },
        {
            "name": "wikimedia/less.php",
            "version": "v5.2.1",
            "source": {
                "type": "git",
                "url": "https://github.com/wikimedia/less.php.git",
                "reference": "606e0450857f00d07335bb7ccaa3a789ca215969"
            },
            "dist": {
                "type": "zip",
                "url": "https://api.github.com/repos/wikimedia/less.php/zipball/606e0450857f00d07335bb7ccaa3a789ca215969",
                "reference": "606e0450857f00d07335bb7ccaa3a789ca215969",
                "shasum": ""
            },
            "require": {
                "php": ">=7.4.3"
            },
            "require-dev": {
                "mediawiki/mediawiki-codesniffer": "46.0.0",
                "mediawiki/mediawiki-phan-config": "0.15.1",
                "mediawiki/minus-x": "1.1.3",
                "php-parallel-lint/php-console-highlighter": "1.0.0",
                "php-parallel-lint/php-parallel-lint": "1.4.0",
                "phpunit/phpunit": "9.6.21"
            },
            "bin": [
                "bin/lessc"
            ],
            "type": "library",
            "autoload": {
                "psr-0": {
                    "Less": "lib/"
                },
                "classmap": [
                    "lessc.inc.php"
                ]
            },
            "notification-url": "https://packagist.org/downloads/",
            "license": [
                "Apache-2.0"
            ],
            "authors": [
                {
                    "name": "Timo Tijhof",
                    "homepage": "https://timotijhof.net"
                },
                {
                    "name": "Josh Schmidt",
                    "homepage": "https://github.com/oyejorge"
                },
                {
                    "name": "Matt Agar",
                    "homepage": "https://github.com/agar"
                },
                {
                    "name": "Martin Jantošovič",
                    "homepage": "https://github.com/Mordred"
                }
            ],
            "description": "PHP port of the LESS processor",
            "homepage": "https://gerrit.wikimedia.org/g/mediawiki/libs/less.php",
            "keywords": [
                "css",
                "less",
                "less.js",
                "lesscss",
                "php",
                "stylesheet"
            ],
            "support": {
                "issues": "https://github.com/wikimedia/less.php/issues",
                "source": "https://github.com/wikimedia/less.php/tree/v5.2.1"
            },
            "time": "2025-03-05T21:01:16+00:00"
        }
    ],
    "packages-dev": [],
    "aliases": [],
    "minimum-stability": "stable",
    "stability-flags": {},
    "prefer-stable": false,
    "prefer-lowest": false,
    "platform": {
        "php": ">=8.1.0"
    },
    "platform-dev": {},
    "plugin-api-version": "2.6.0"
}
